
Microsoft Visual Studio Solution File, Format Version 12.00
# Visual Studio 15
VisualStudioVersion = 15.0.27703.2042
MinimumVisualStudioVersion = 10.0.40219.1
Project("{FAE04EC0-301F-11D3-BF4B-00C04F79EFBC}") = "Hello", "Hello\Hello.csproj", "{1FB4A488-C3E3-4C08-A910-67DCDA11825C}"
EndProject
Project("{FAE04EC0-301F-11D3-BF4B-00C04F79EFBC}") = "StudentDiary", "StudentDiary\StudentDiary.csproj", "{9416FC0F-A91E-4FB1-8E11-F665916F1908}"
EndProject
Project("{FAE04EC0-301F-11D3-BF4B-00C04F79EFBC}") = "Constructors", "Constructors\Constructors.csproj", "{ED94CBE3-46F8-4E2F-8CD2-4825695B0000}"
EndProject
Project("{FAE04EC0-301F-11D3-BF4B-00C04F79EFBC}") = "10th lesson", "10th lesson\10th lesson.csproj", "{D60260CA-029A-4E9F-AFBC-7ADDDBD4E9E5}"
EndProject
Project("{FAE04EC0-301F-11D3-BF4B-00C04F79EFBC}") = "Arrays", "Arrays\Arrays.csproj", "{2C7DC78A-DB5B-4D7F-911C-D0CBEC5DCBC8}"
EndProject
Project("{FAE04EC0-301F-11D3-BF4B-00C04F79EFBC}") = "Assemblies", "Assemblies\Assemblies.csproj", "{7CE909E4-3FC2-49A3-A4BB-42449A3E9926}"
EndProject
Project("{FAE04EC0-301F-11D3-BF4B-00C04F79EFBC}") = "UnitTestProject", "UnitTestProject\UnitTestProject.csproj", "{7744A4AC-F3DE-40B7-8EAD-97B97DD6962A}"
EndProject
Global
	GlobalSection(SolutionConfigurationPlatforms) = preSolution
		Debug|Any CPU = Debug|Any CPU
		Release|Any CPU = Release|Any CPU
	EndGlobalSection
	GlobalSection(ProjectConfigurationPlatforms) = postSolution
		{1FB4A488-C3E3-4C08-A910-67DCDA11825C}.Debug|Any CPU.ActiveCfg = Debug|Any CPU
		{1FB4A488-C3E3-4C08-A910-67DCDA11825C}.Debug|Any CPU.Build.0 = Debug|Any CPU
		{1FB4A488-C3E3-4C08-A910-67DCDA11825C}.Release|Any CPU.ActiveCfg = Release|Any CPU
		{1FB4A488-C3E3-4C08-A910-67DCDA11825C}.Release|Any CPU.Build.0 = Release|Any CPU
		{9416FC0F-A91E-4FB1-8E11-F665916F1908}.Debug|Any CPU.ActiveCfg = Debug|Any CPU
		{9416FC0F-A91E-4FB1-8E11-F665916F1908}.Debug|Any CPU.Build.0 = Debug|Any CPU
		{9416FC0F-A91E-4FB1-8E11-F665916F1908}.Release|Any CPU.ActiveCfg = Release|Any CPU
		{9416FC0F-A91E-4FB1-8E11-F665916F1908}.Release|Any CPU.Build.0 = Release|Any CPU
		{ED94CBE3-46F8-4E2F-8CD2-4825695B0000}.Debug|Any CPU.ActiveCfg = Debug|Any CPU
		{ED94CBE3-46F8-4E2F-8CD2-4825695B0000}.Debug|Any CPU.Build.0 = Debug|Any CPU
		{ED94CBE3-46F8-4E2F-8CD2-4825695B0000}.Release|Any CPU.ActiveCfg = Release|Any CPU
		{ED94CBE3-46F8-4E2F-8CD2-4825695B0000}.Release|Any CPU.Build.0 = Release|Any CPU
		{D60260CA-029A-4E9F-AFBC-7ADDDBD4E9E5}.Debug|Any CPU.ActiveCfg = Debug|Any CPU
		{D60260CA-029A-4E9F-AFBC-7ADDDBD4E9E5}.Debug|Any CPU.Build.0 = Debug|Any CPU
		{D60260CA-029A-4E9F-AFBC-7ADDDBD4E9E5}.Release|Any CPU.ActiveCfg = Release|Any CPU
		{D60260CA-029A-4E9F-AFBC-7ADDDBD4E9E5}.Release|Any CPU.Build.0 = Release|Any CPU
		{2C7DC78A-DB5B-4D7F-911C-D0CBEC5DCBC8}.Debug|Any CPU.ActiveCfg = Debug|Any CPU
		{2C7DC78A-DB5B-4D7F-911C-D0CBEC5DCBC8}.Debug|Any CPU.Build.0 = Debug|Any CPU
		{2C7DC78A-DB5B-4D7F-911C-D0CBEC5DCBC8}.Release|Any CPU.ActiveCfg = Release|Any CPU
		{2C7DC78A-DB5B-4D7F-911C-D0CBEC5DCBC8}.Release|Any CPU.Build.0 = Release|Any CPU
		{7CE909E4-3FC2-49A3-A4BB-42449A3E9926}.Debug|Any CPU.ActiveCfg = Debug|Any CPU
		{7CE909E4-3FC2-49A3-A4BB-42449A3E9926}.Debug|Any CPU.Build.0 = Debug|Any CPU
		{7CE909E4-3FC2-49A3-A4BB-42449A3E9926}.Release|Any CPU.ActiveCfg = Release|Any CPU
		{7CE909E4-3FC2-49A3-A4BB-42449A3E9926}.Release|Any CPU.Build.0 = Release|Any CPU
		{7744A4AC-F3DE-40B7-8EAD-97B97DD6962A}.Debug|Any CPU.ActiveCfg = Debug|Any CPU
		{7744A4AC-F3DE-40B7-8EAD-97B97DD6962A}.Debug|Any CPU.Build.0 = Debug|Any CPU
		{7744A4AC-F3DE-40B7-8EAD-97B97DD6962A}.Release|Any CPU.ActiveCfg = Release|Any CPU
		{7744A4AC-F3DE-40B7-8EAD-97B97DD6962A}.Release|Any CPU.Build.0 = Release|Any CPU
	EndGlobalSection
	GlobalSection(SolutionProperties) = preSolution
		HideSolutionNode = FALSE
	EndGlobalSection
	GlobalSection(ExtensibilityGlobals) = postSolution
		SolutionGuid = {801AD1F1-A21E-42FC-A72D-045AC14EC642}
	EndGlobalSection
EndGlobal
